
Microsoft Visual Studio Solution File, Format Version 12.00
# Visual Studio Version 17
VisualStudioVersion = 17.11.35222.181
MinimumVisualStudioVersion = 10.0.40219.1
Project("{FAE04EC0-301F-11D3-BF4B-00C04F79EFBC}") = "PlanningHelper", "PlanningHelper.csproj", "{EE95D36C-CB9B-4043-887D-5686E752B007}"
EndProject
Global
	GlobalSection(SolutionConfigurationPlatforms) = preSolution
		Debug|Any CPU = Debug|Any CPU
		Release|Any CPU = Release|Any CPU
	EndGlobalSection
	GlobalSection(ProjectConfigurationPlatforms) = postSolution
		{EE95D36C-CB9B-4043-887D-5686E752B007}.Debug|Any CPU.ActiveCfg = Debug|Any CPU
		{EE95D36C-CB9B-4043-887D-5686E752B007}.Debug|Any CPU.Build.0 = Debug|Any CPU
		{EE95D36C-CB9B-4043-887D-5686E752B007}.Release|Any CPU.ActiveCfg = Release|Any CPU
		{EE95D36C-CB9B-4043-887D-5686E752B007}.Release|Any CPU.Build.0 = Release|Any CPU
	EndGlobalSection
	GlobalSection(SolutionProperties) = preSolution
		HideSolutionNode = FALSE
	EndGlobalSection
	GlobalSection(ExtensibilityGlobals) = postSolution
		SolutionGuid = {751843AE-B075-4075-84F6-6C572AE3D31B}
	EndGlobalSection
EndGlobal
